// !$*UTF8*$!
{
	archiveVersion = 1;
	classes = {
	};
	objectVersion = 46;
	objects = {

/* Begin PBXBuildFile section */
		5271EF881C890BAF008B020A /* AppDelegate.swift in Sources */ = {isa = PBXBuildFile; fileRef = 5271EF871C890BAF008B020A /* AppDelegate.swift */; };
		5271EF8A1C890BAF008B020A /* ViewController.swift in Sources */ = {isa = PBXBuildFile; fileRef = 5271EF891C890BAF008B020A /* ViewController.swift */; };
		5271EF8D1C890BAF008B020A /* Main.storyboard in Resources */ = {isa = PBXBuildFile; fileRef = 5271EF8B1C890BAF008B020A /* Main.storyboard */; };
		5271EF901C890BAF008B020A /* CoreDataDemo.xcdatamodeld in Sources */ = {isa = PBXBuildFile; fileRef = 5271EF8E1C890BAF008B020A /* CoreDataDemo.xcdatamodeld */; };
		5271EF921C890BAF008B020A /* Assets.xcassets in Resources */ = {isa = PBXBuildFile; fileRef = 5271EF911C890BAF008B020A /* Assets.xcassets */; };
		5271EF951C890BAF008B020A /* LaunchScreen.storyboard in Resources */ = {isa = PBXBuildFile; fileRef = 5271EF931C890BAF008B020A /* LaunchScreen.storyboard */; };
		52758F7C1C890D3F0054E116 /* Contacts+CoreDataProperties.swift in Sources */ = {isa = PBXBuildFile; fileRef = 52758F7A1C890D3F0054E116 /* Contacts+CoreDataProperties.swift */; };
		52758F7D1C890D3F0054E116 /* Contacts.swift in Sources */ = {isa = PBXBuildFile; fileRef = 52758F7B1C890D3F0054E116 /* Contacts.swift */; };
/* End PBXBuildFile section */

/* Begin PBXFileReference section */
		5271EF841C890BAF008B020A /* CoreDataDemo.app */ = {isa = PBXFileReference; explicitFileType = wrapper.application; includeInIndex = 0; path = CoreDataDemo.app; sourceTree = BUILT_PRODUCTS_DIR; };
		5271EF871C890BAF008B020A /* AppDelegate.swift */ = {isa = PBXFileReference; lastKnownFileType = sourcecode.swift; path = AppDelegate.swift; sourceTree = "<group>"; };
		5271EF891C890BAF008B020A /* ViewController.swift */ = {isa = PBXFileReference; lastKnownFileType = sourcecode.swift; path = ViewController.swift; sourceTree = "<group>"; };
		5271EF8C1C890BAF008B020A /* Base */ = {isa = PBXFileReference; lastKnownFileType = file.storyboard; name = Base; path = Base.lproj/Main.storyboard; sourceTree = "<group>"; };
		5271EF8F1C890BAF008B020A /* CoreDataDemo.xcdatamodel */ = {isa = PBXFileReference; lastKnownFileType = wrapper.xcdatamodel; path = CoreDataDemo.xcdatamodel; sourceTree = "<group>"; };
		5271EF911C890BAF008B020A /* Assets.xcassets */ = {isa = PBXFileReference; lastKnownFileType = folder.assetcatalog; path = Assets.xcassets; sourceTree = "<group>"; };
		5271EF941C890BAF008B020A /* Base */ = {isa = PBXFileReference; lastKnownFileType = file.storyboard; name = Base; path = Base.lproj/LaunchScreen.storyboard; sourceTree = "<group>"; };
		5271EF961C890BB0008B020A /* Info.plist */ = {isa = PBXFileReference; lastKnownFileType = text.plist.xml; path = Info.plist; sourceTree = "<group>"; };
		52758F7A1C890D3F0054E116 /* Contacts+CoreDataProperties.swift */ = {isa = PBXFileReference; fileEncoding = 4; lastKnownFileType = sourcecode.swift; name = "Contacts+CoreDataProperties.swift"; path = "CoreDataDemo/Contacts+CoreDataProperties.swift"; sourceTree = "<group>"; };
		52758F7B1C890D3F0054E116 /* Contacts.swift */ = {isa = PBXFileReference; fileEncoding = 4; lastKnownFileType = sourcecode.swift; name = Contacts.swift; path = CoreDataDemo/Contacts.swift; sourceTree = "<group>"; };
/* End PBXFileReference section */

/* Begin PBXFrameworksBuildPhase section */
		5271EF811C890BAF008B020A /* Frameworks */ = {
			isa = PBXFrameworksBuildPhase;
			buildActionMask = 2147483647;
			files = (
			);
			runOnlyForDeploymentPostprocessing = 0;
		};
/* End PBXFrameworksBuildPhase section */

/* Begin PBXGroup section */
		5271EF7B1C890BAF008B020A = {
			isa = PBXGroup;
			children = (
				52758F7A1C890D3F0054E116 /* Contacts+CoreDataProperties.swift */,
				52758F7B1C890D3F0054E116 /* Contacts.swift */,
				5271EF861C890BAF008B020A /* CoreDataDemo */,
				5271EF851C890BAF008B020A /* Products */,
			);
			sourceTree = "<group>";
		};
		5271EF851C890BAF008B020A /* Products */ = {
			isa = PBXGroup;
			children = (
				5271EF841C890BAF008B020A /* CoreDataDemo.app */,
			);
			name = Products;
			sourceTree = "<group>";
		};
		5271EF861C890BAF008B020A /* CoreDataDemo */ = {
			isa = PBXGroup;
			children = (
				5271EF871C890BAF008B020A /* AppDelegate.swift */,
				5271EF891C890BAF008B020A /* ViewController.swift */,
				5271EF8B1C890BAF008B020A /* Main.storyboard */,
				5271EF911C890BAF008B020A /* Assets.xcassets */,
				5271EF931C890BAF008B020A /* LaunchScreen.storyboard */,
				5271EF961C890BB0008B020A /* Info.plist */,
				5271EF8E1C890BAF008B020A /* CoreDataDemo.xcdatamodeld */,
			);
			path = CoreDataDemo;
			sourceTree = "<group>";
		};
/* End PBXGroup section */

/* Begin PBXNativeTarget section */
		5271EF831C890BAF008B020A /* CoreDataDemo */ = {
			isa = PBXNativeTarget;
			buildConfigurationList = 5271EF991C890BB0008B020A /* Build configuration list for PBXNativeTarget "CoreDataDemo" */;
			buildPhases = (
				5271EF801C890BAF008B020A /* Sources */,
				5271EF811C890BAF008B020A /* Frameworks */,
				5271EF821C890BAF008B020A /* Resources */,
			);
			buildRules = (
			);
			dependencies = (
			);
			name = CoreDataDemo;
			productName = CoreDataDemo;
			productReference = 5271EF841C890BAF008B020A /* CoreDataDemo.app */;
			productType = "com.apple.product-type.application";
		};
/* End PBXNativeTarget section */

/* Begin PBXProject section */
		5271EF7C1C890BAF008B020A /* Project object */ = {
			isa = PBXProject;
			attributes = {
				LastSwiftUpdateCheck = 0720;
				LastUpgradeCheck = 0720;
				ORGANIZATIONNAME = bittorf;
				TargetAttributes = {
					5271EF831C890BAF008B020A = {
						CreatedOnToolsVersion = 7.2;
					};
				};
			};
			buildConfigurationList = 5271EF7F1C890BAF008B020A /* Build configuration list for PBXProject "CoreDataDemo" */;
			compatibilityVersion = "Xcode 3.2";
			developmentRegion = English;
			hasScannedForEncodings = 0;
			knownRegions = (
				en,
				Base,
			);
			mainGroup = 5271EF7B1C890BAF008B020A;
			productRefGroup = 5271EF851C890BAF008B020A /* Products */;
			projectDirPath = "";
			projectRoot = "";
			targets = (
				5271EF831C890BAF008B020A /* CoreDataDemo */,
			);
		};
/* End PBXProject section */

/* Begin PBXResourcesBuildPhase section */
		5271EF821C890BAF008B020A /* Resources */ = {
			isa = PBXResourcesBuildPhase;
			buildActionMask = 2147483647;
			files = (
				5271EF951C890BAF008B020A /* LaunchScreen.storyboard in Resources */,
				5271EF921C890BAF008B020A /* Assets.xcassets in Resources */,
				5271EF8D1C890BAF008B020A /* Main.storyboard in Resources */,
			);
			runOnlyForDeploymentPostprocessing = 0;
		};
/* End PBXResourcesBuildPhase section */

/* Begin PBXSourcesBuildPhase section */
		5271EF801C890BAF008B020A /* Sources */ = {
			isa = PBXSourcesBuildPhase;
			buildActionMask = 2147483647;
			files = (
				5271EF8A1C890BAF008B020A /* ViewController.swift in Sources */,
				5271EF901C890BAF008B020A /* CoreDataDemo.xcdatamodeld in Sources */,
				52758F7C1C890D3F0054E116 /* Contacts+CoreDataProperties.swift in Sources */,
				5271EF881C890BAF008B020A /* AppDelegate.swift in Sources */,
				52758F7D1C890D3F0054E116 /* Contacts.swift in Sources */,
			);
			runOnlyForDeploymentPostprocessing = 0;
		};
/* End PBXSourcesBuildPhase section */

/* Begin PBXVariantGroup section */
		5271EF8B1C890BAF008B020A /* Main.storyboard */ = {
			isa = PBXVariantGroup;
			children = (
				5271EF8C1C890BAF008B020A /* Base */,
			);
			name = Main.storyboard;
			sourceTree = "<group>";
		};
		5271EF931C890BAF008B020A /* LaunchScreen.storyboard */ = {
			isa = PBXVariantGroup;
			children = (
				5271EF941C890BAF008B020A /* Base */,
			);
			name = LaunchScreen.storyboard;
			sourceTree = "<group>";
		};
/* End PBXVariantGroup section */

/* Begin XCBuildConfiguration section */
		5271EF971C890BB0008B020A /* Debug */ = {
			isa = XCBuildConfiguration;
			buildSettings = {
				ALWAYS_SEARCH_USER_PATHS = NO;
				CLANG_CXX_LANGUAGE_STANDARD = "gnu++0x";
				CLANG_CXX_LIBRARY = "libc++";
				CLANG_ENABLE_MODULES = YES;
				CLANG_ENABLE_OBJC_ARC = YES;
				CLANG_WARN_BOOL_CONVERSION = YES;
				CLANG_WARN_CONSTANT_CONVERSION = YES;
				CLANG_WARN_DIRECT_OBJC_ISA_USAGE = YES_ERROR;
				CLANG_WARN_EMPTY_BODY = YES;
				CLANG_WARN_ENUM_CONVERSION = YES;
				CLANG_WARN_INT_CONVERSION = YES;
				CLANG_WARN_OBJC_ROOT_CLASS = YES_ERROR;
				CLANG_WARN_UNREACHABLE_CODE = YES;
				CLANG_WARN__DUPLICATE_METHOD_MATCH = YES;
				"CODE_SIGN_IDENTITY[sdk=iphoneos*]" = "iPhone Developer";
				COPY_PHASE_STRIP = NO;
				DEBUG_INFORMATION_FORMAT = dwarf;
				ENABLE_STRICT_OBJC_MSGSEND = YES;
				ENABLE_TESTABILITY = YES;
				GCC_C_LANGUAGE_STANDARD = gnu99;
				GCC_DYNAMIC_NO_PIC = NO;
				GCC_NO_COMMON_BLOCKS = YES;
				GCC_OPTIMIZATION_LEVEL = 0;
				GCC_PREPROCESSOR_DEFINITIONS = (
					"DEBUG=1",
					"$(inherited)",
				);
				GCC_WARN_64_TO_32_BIT_CONVERSION = YES;
				GCC_WARN_ABOUT_RETURN_TYPE = YES_ERROR;
				GCC_WARN_UNDECLARED_SELECTOR = YES;
				GCC_WARN_UNINITIALIZED_AUTOS = YES_AGGRESSIVE;
				GCC_WARN_UNUSED_FUNCTION = YES;
				GCC_WARN_UNUSED_VARIABLE = YES;
				IPHONEOS_DEPLOYMENT_TARGET = 9.2;
				MTL_ENABLE_DEBUG_INFO = YES;
				ONLY_ACTIVE_ARCH = YES;
				SDKROOT = iphoneos;
				SWIFT_OPTIMIZATION_LEVEL = "-Onone";
				TARGETED_DEVICE_FAMILY = "1,2";
			};
			name = Debug;
		};
		5271EF981C890BB0008B020A /* Release */ = {
			isa = XCBuildConfiguration;
			buildSettings = {
				ALWAYS_SEARCH_USER_PATHS = NO;
				CLANG_CXX_LANGUAGE_STANDARD = "gnu++0x";
				CLANG_CXX_LIBRARY = "libc++";
				CLANG_ENABLE_MODULES = YES;
				CLANG_ENABLE_OBJC_ARC = YES;
				CLANG_WARN_BOOL_CONVERSION = YES;
				CLANG_WARN_CONSTANT_CONVERSION = YES;
				CLANG_WARN_DIRECT_OBJC_ISA_USAGE = YES_ERROR;
				CLANG_WARN_EMPTY_BODY = YES;
				CLANG_WARN_ENUM_CONVERSION = YES;
				CLANG_WARN_INT_CONVERSION = YES;
				CLANG_WARN_OBJC_ROOT_CLASS = YES_ERROR;
				CLANG_WARN_UNREACHABLE_CODE = YES;
				CLANG_WARN__DUPLICATE_METHOD_MATCH = YES;
				"CODE_SIGN_IDENTITY[sdk=iphoneos*]" = "iPhone Developer";
				COPY_PHASE_STRIP = NO;
				DEBUG_INFORMATION_FORMAT = "dwarf-with-dsym";
				ENABLE_NS_ASSERTIONS = NO;
				ENABLE_STRICT_OBJC_MSGSEND = YES;
				GCC_C_LANGUAGE_STANDARD = gnu99;
				GCC_NO_COMMON_BLOCKS = YES;
				GCC_WARN_64_TO_32_BIT_CONVERSION = YES;
				GCC_WARN_ABOUT_RETURN_TYPE = YES_ERROR;
				GCC_WARN_UNDECLARED_SELECTOR = YES;
				GCC_WARN_UNINITIALIZED_AUTOS = YES_AGGRESSIVE;
				GCC_WARN_UNUSED_FUNCTION = YES;
				GCC_WARN_UNUSED_VARIABLE = YES;
				IPHONEOS_DEPLOYMENT_TARGET = 9.2;
				MTL_ENABLE_DEBUG_INFO = NO;
				SDKROOT = iphoneos;
				TARGETED_DEVICE_FAMILY = "1,2";
				VALIDATE_PRODUCT = YES;
			};
			name = Release;
		};
		5271EF9A1C890BB0008B020A /* Debug */ = {
			isa = XCBuildConfiguration;
			buildSettings = {
				ASSETCATALOG_COMPILER_APPICON_NAME = AppIcon;
				INFOPLIST_FILE = CoreDataDemo/Info.plist;
				LD_RUNPATH_SEARCH_PATHS = "$(inherited) @executable_path/Frameworks";
				PRODUCT_BUNDLE_IDENTIFIER = com.ryanbittorf.CoreDataDemo;
				PRODUCT_NAME = "$(TARGET_NAME)";
			};
			name = Debug;
		};
		5271EF9B1C890BB0008B020A /* Release */ = {
			isa = XCBuildConfiguration;
			buildSettings = {
				ASSETCATALOG_COMPILER_APPICON_NAME = AppIcon;
				INFOPLIST_FILE = CoreDataDemo/Info.plist;
				LD_RUNPATH_SEARCH_PATHS = "$(inherited) @executable_path/Frameworks";
				PRODUCT_BUNDLE_IDENTIFIER = com.ryanbittorf.CoreDataDemo;
				PRODUCT_NAME = "$(TARGET_NAME)";
			};
			name = Release;
		};
/* End XCBuildConfiguration section */

/* Begin XCConfigurationList section */
		5271EF7F1C890BAF008B020A /* Build configuration list for PBXProject "CoreDataDemo" */ = {
			isa = XCConfigurationList;
			buildConfigurations = (
				5271EF971C890BB0008B020A /* Debug */,
				5271EF981C890BB0008B020A /* Release */,
			);
			defaultConfigurationIsVisible = 0;
			defaultConfigurationName = Release;
		};
		5271EF991C890BB0008B020A /* Build configuration list for PBXNativeTarget "CoreDataDemo" */ = {
			isa = XCConfigurationList;
			buildConfigurations = (
				5271EF9A1C890BB0008B020A /* Debug */,
				5271EF9B1C890BB0008B020A /* Release */,
			);
			defaultConfigurationIsVisible = 0;
			defaultConfigurationName = Release;
		};
/* End XCConfigurationList section */

/* Begin XCVersionGroup section */
		5271EF8E1C890BAF008B020A /* CoreDataDemo.xcdatamodeld */ = {
			isa = XCVersionGroup;
			children = (
				5271EF8F1C890BAF008B020A /* CoreDataDemo.xcdatamodel */,
			);
			currentVersion = 5271EF8F1C890BAF008B020A /* CoreDataDemo.xcdatamodel */;
			path = CoreDataDemo.xcdatamodeld;
			sourceTree = "<group>";
			versionGroupType = wrapper.xcdatamodel;
		};
/* End XCVersionGroup section */
	};
	rootObject = 5271EF7C1C890BAF008B020A /* Project object */;
}
